// !$*UTF8*$!
{
	archiveVersion = 1;
	classes = {
	};
	objectVersion = 46;
	objects = {

/* Begin PBXBuildFile section */
		0C07B8691D684013002433F3 /* InputFormatter.m in Sources */ = {isa = PBXBuildFile; fileRef = 0C07B8681D684013002433F3 /* InputFormatter.m */; };
		0C103FF41D6C8C270095302A /* OutputFormatter.m in Sources */ = {isa = PBXBuildFile; fileRef = 0C103FF31D6C8C270095302A /* OutputFormatter.m */; };
		0C1F43291D86F2E600A0B824 /* PlainPasteTextView.m in Sources */ = {isa = PBXBuildFile; fileRef = 0C1F43281D86F2E600A0B824 /* PlainPasteTextView.m */; };
		0C257A951D86A98500792C06 /* CalculatorViewController+TextViewDelegate.m in Sources */ = {isa = PBXBuildFile; fileRef = 0C257A941D86A98500792C06 /* CalculatorViewController+TextViewDelegate.m */; };
		0C2928D41D67B68900663BD5 /* ParserFrontend.m in Sources */ = {isa = PBXBuildFile; fileRef = 0C2928D31D67B68900663BD5 /* ParserFrontend.m */; };
		0C70D0391D86F76200428635 /* TextFieldCell.m in Sources */ = {isa = PBXBuildFile; fileRef = 0C70D0381D86F76200428635 /* TextFieldCell.m */; };
		0CA8E7551D5E459000AD29A9 /* WindowController.m in Sources */ = {isa = PBXBuildFile; fileRef = 0CA8E7541D5E459000AD29A9 /* WindowController.m */; };
		0CEE79AD1D932F260068AD17 /* HistoryMaker.m in Sources */ = {isa = PBXBuildFile; fileRef = 0CEE79AC1D932F260068AD17 /* HistoryMaker.m */; };
		0CEE79B01D9409190068AD17 /* CalculatorViewController+WindowUtils.m in Sources */ = {isa = PBXBuildFile; fileRef = 0CEE79AF1D9409190068AD17 /* CalculatorViewController+WindowUtils.m */; };
		0CFE13361C77836A0005549D /* AppDelegate.m in Sources */ = {isa = PBXBuildFile; fileRef = 0CFE13351C77836A0005549D /* AppDelegate.m */; };
		0CFE13391C77836A0005549D /* main.m in Sources */ = {isa = PBXBuildFile; fileRef = 0CFE13381C77836A0005549D /* main.m */; };
		0CFE133C1C77836A0005549D /* CalculatorViewController.m in Sources */ = {isa = PBXBuildFile; fileRef = 0CFE133B1C77836A0005549D /* CalculatorViewController.m */; };
		0CFE133F1C77836A0005549D /* Binary_Calculator.xcdatamodeld in Sources */ = {isa = PBXBuildFile; fileRef = 0CFE133D1C77836A0005549D /* Binary_Calculator.xcdatamodeld */; };
		0CFE13411C77836A0005549D /* Assets.xcassets in Resources */ = {isa = PBXBuildFile; fileRef = 0CFE13401C77836A0005549D /* Assets.xcassets */; };
		0CFE13441C77836A0005549D /* Main.storyboard in Resources */ = {isa = PBXBuildFile; fileRef = 0CFE13421C77836A0005549D /* Main.storyboard */; };
		0CFE134F1C77836B0005549D /* Binary_CalculatorTests.m in Sources */ = {isa = PBXBuildFile; fileRef = 0CFE134E1C77836B0005549D /* Binary_CalculatorTests.m */; };
		0CFE135A1C77836B0005549D /* Binary_CalculatorUITests.m in Sources */ = {isa = PBXBuildFile; fileRef = 0CFE13591C77836B0005549D /* Binary_CalculatorUITests.m */; };
		63B4F810DD5165938D1F5E02 /* libPods-Binary CalculatorTests.a in Frameworks */ = {isa = PBXBuildFile; fileRef = 9DD0C085CC6929E90B46040C /* libPods-Binary CalculatorTests.a */; };
		C328F32BE883B0A41520449F /* libPods-Binary Calculator.a in Frameworks */ = {isa = PBXBuildFile; fileRef = 33DAF9EBA35FC7052540FFBE /* libPods-Binary Calculator.a */; };
		E25176825B6AE54E66D59508 /* libPods-Binary CalculatorUITests.a in Frameworks */ = {isa = PBXBuildFile; fileRef = 075A1AF63BDF1E0BCCC1CE60 /* libPods-Binary CalculatorUITests.a */; };
/* End PBXBuildFile section */

/* Begin PBXContainerItemProxy section */
		0CFE134B1C77836B0005549D /* PBXContainerItemProxy */ = {
			isa = PBXContainerItemProxy;
			containerPortal = 0CFE13291C77836A0005549D /* Project object */;
			proxyType = 1;
			remoteGlobalIDString = 0CFE13301C77836A0005549D;
			remoteInfo = "Binary Calculator";
		};
		0CFE13561C77836B0005549D /* PBXContainerItemProxy */ = {
			isa = PBXContainerItemProxy;
			containerPortal = 0CFE13291C77836A0005549D /* Project object */;
			proxyType = 1;
			remoteGlobalIDString = 0CFE13301C77836A0005549D;
			remoteInfo = "Binary Calculator";
		};
/* End PBXContainerItemProxy section */

/* Begin PBXFileReference section */
		075A1AF63BDF1E0BCCC1CE60 /* libPods-Binary CalculatorUITests.a */ = {isa = PBXFileReference; explicitFileType = archive.ar; includeInIndex = 0; path = "libPods-Binary CalculatorUITests.a"; sourceTree = BUILT_PRODUCTS_DIR; };
		0B5763B56599E86EE18F7F12 /* Pods-Binary Calculator.debug.xcconfig */ = {isa = PBXFileReference; includeInIndex = 1; lastKnownFileType = text.xcconfig; name = "Pods-Binary Calculator.debug.xcconfig"; path = "Pods/Target Support Files/Pods-Binary Calculator/Pods-Binary Calculator.debug.xcconfig"; sourceTree = "<group>"; };
		0C07B8671D684013002433F3 /* InputFormatter.h */ = {isa = PBXFileReference; fileEncoding = 4; lastKnownFileType = sourcecode.c.h; path = InputFormatter.h; sourceTree = "<group>"; };
		0C07B8681D684013002433F3 /* InputFormatter.m */ = {isa = PBXFileReference; fileEncoding = 4; lastKnownFileType = sourcecode.c.objc; path = InputFormatter.m; sourceTree = "<group>"; };
		0C103FF21D6C8C270095302A /* OutputFormatter.h */ = {isa = PBXFileReference; fileEncoding = 4; lastKnownFileType = sourcecode.c.h; path = OutputFormatter.h; sourceTree = "<group>"; };
		0C103FF31D6C8C270095302A /* OutputFormatter.m */ = {isa = PBXFileReference; fileEncoding = 4; lastKnownFileType = sourcecode.c.objc; path = OutputFormatter.m; sourceTree = "<group>"; };
		0C1F43271D86F2E600A0B824 /* PlainPasteTextView.h */ = {isa = PBXFileReference; fileEncoding = 4; lastKnownFileType = sourcecode.c.h; path = PlainPasteTextView.h; sourceTree = "<group>"; };
		0C1F43281D86F2E600A0B824 /* PlainPasteTextView.m */ = {isa = PBXFileReference; fileEncoding = 4; lastKnownFileType = sourcecode.c.objc; path = PlainPasteTextView.m; sourceTree = "<group>"; };
		0C257A931D86A98500792C06 /* CalculatorViewController+TextViewDelegate.h */ = {isa = PBXFileReference; fileEncoding = 4; lastKnownFileType = sourcecode.c.h; path = "CalculatorViewController+TextViewDelegate.h"; sourceTree = "<group>"; };
		0C257A941D86A98500792C06 /* CalculatorViewController+TextViewDelegate.m */ = {isa = PBXFileReference; fileEncoding = 4; lastKnownFileType = sourcecode.c.objc; path = "CalculatorViewController+TextViewDelegate.m"; sourceTree = "<group>"; };
		0C2928D21D67B68900663BD5 /* ParserFrontend.h */ = {isa = PBXFileReference; fileEncoding = 4; lastKnownFileType = sourcecode.c.h; path = ParserFrontend.h; sourceTree = "<group>"; };
		0C2928D31D67B68900663BD5 /* ParserFrontend.m */ = {isa = PBXFileReference; fileEncoding = 4; lastKnownFileType = sourcecode.c.objc; path = ParserFrontend.m; sourceTree = "<group>"; };
		0C70D0371D86F76200428635 /* TextFieldCell.h */ = {isa = PBXFileReference; fileEncoding = 4; lastKnownFileType = sourcecode.c.h; path = TextFieldCell.h; sourceTree = "<group>"; };
		0C70D0381D86F76200428635 /* TextFieldCell.m */ = {isa = PBXFileReference; fileEncoding = 4; lastKnownFileType = sourcecode.c.objc; path = TextFieldCell.m; sourceTree = "<group>"; };
		0CA8E7531D5E459000AD29A9 /* WindowController.h */ = {isa = PBXFileReference; fileEncoding = 4; lastKnownFileType = sourcecode.c.h; path = WindowController.h; sourceTree = "<group>"; };
		0CA8E7541D5E459000AD29A9 /* WindowController.m */ = {isa = PBXFileReference; fileEncoding = 4; lastKnownFileType = sourcecode.c.objc; path = WindowController.m; sourceTree = "<group>"; };
		0CEE79AB1D932F260068AD17 /* HistoryMaker.h */ = {isa = PBXFileReference; fileEncoding = 4; lastKnownFileType = sourcecode.c.h; path = HistoryMaker.h; sourceTree = "<group>"; };
		0CEE79AC1D932F260068AD17 /* HistoryMaker.m */ = {isa = PBXFileReference; fileEncoding = 4; lastKnownFileType = sourcecode.c.objc; path = HistoryMaker.m; sourceTree = "<group>"; };
		0CEE79AE1D9409190068AD17 /* CalculatorViewController+WindowUtils.h */ = {isa = PBXFileReference; fileEncoding = 4; lastKnownFileType = sourcecode.c.h; path = "CalculatorViewController+WindowUtils.h"; sourceTree = "<group>"; };
		0CEE79AF1D9409190068AD17 /* CalculatorViewController+WindowUtils.m */ = {isa = PBXFileReference; fileEncoding = 4; lastKnownFileType = sourcecode.c.objc; path = "CalculatorViewController+WindowUtils.m"; sourceTree = "<group>"; };
		0CFE13311C77836A0005549D /* Mathematica.app */ = {isa = PBXFileReference; explicitFileType = wrapper.application; includeInIndex = 0; path = Mathematica.app; sourceTree = BUILT_PRODUCTS_DIR; };
		0CFE13341C77836A0005549D /* AppDelegate.h */ = {isa = PBXFileReference; lastKnownFileType = sourcecode.c.h; path = AppDelegate.h; sourceTree = "<group>"; };
		0CFE13351C77836A0005549D /* AppDelegate.m */ = {isa = PBXFileReference; lastKnownFileType = sourcecode.c.objc; path = AppDelegate.m; sourceTree = "<group>"; };
		0CFE13381C77836A0005549D /* main.m */ = {isa = PBXFileReference; lastKnownFileType = sourcecode.c.objc; path = main.m; sourceTree = "<group>"; };
		0CFE133A1C77836A0005549D /* CalculatorViewController.h */ = {isa = PBXFileReference; lastKnownFileType = sourcecode.c.h; path = CalculatorViewController.h; sourceTree = "<group>"; };
		0CFE133B1C77836A0005549D /* CalculatorViewController.m */ = {isa = PBXFileReference; lastKnownFileType = sourcecode.c.objc; path = CalculatorViewController.m; sourceTree = "<group>"; };
		0CFE133E1C77836A0005549D /* Binary_Calculator.xcdatamodel */ = {isa = PBXFileReference; lastKnownFileType = wrapper.xcdatamodel; path = Binary_Calculator.xcdatamodel; sourceTree = "<group>"; };
		0CFE13401C77836A0005549D /* Assets.xcassets */ = {isa = PBXFileReference; lastKnownFileType = folder.assetcatalog; path = Assets.xcassets; sourceTree = "<group>"; };
		0CFE13431C77836A0005549D /* Base */ = {isa = PBXFileReference; lastKnownFileType = file.storyboard; name = Base; path = Base.lproj/Main.storyboard; sourceTree = "<group>"; };
		0CFE13451C77836B0005549D /* Info.plist */ = {isa = PBXFileReference; lastKnownFileType = text.plist.xml; path = Info.plist; sourceTree = "<group>"; };
		0CFE134A1C77836B0005549D /* MathematicaTests.xctest */ = {isa = PBXFileReference; explicitFileType = wrapper.cfbundle; includeInIndex = 0; path = MathematicaTests.xctest; sourceTree = BUILT_PRODUCTS_DIR; };
		0CFE134E1C77836B0005549D /* Binary_CalculatorTests.m */ = {isa = PBXFileReference; lastKnownFileType = sourcecode.c.objc; path = Binary_CalculatorTests.m; sourceTree = "<group>"; };
		0CFE13501C77836B0005549D /* Info.plist */ = {isa = PBXFileReference; lastKnownFileType = text.plist.xml; path = Info.plist; sourceTree = "<group>"; };
		0CFE13551C77836B0005549D /* MathematicaUITests.xctest */ = {isa = PBXFileReference; explicitFileType = wrapper.cfbundle; includeInIndex = 0; path = MathematicaUITests.xctest; sourceTree = BUILT_PRODUCTS_DIR; };
		0CFE13591C77836B0005549D /* Binary_CalculatorUITests.m */ = {isa = PBXFileReference; lastKnownFileType = sourcecode.c.objc; path = Binary_CalculatorUITests.m; sourceTree = "<group>"; };
		0CFE135B1C77836B0005549D /* Info.plist */ = {isa = PBXFileReference; lastKnownFileType = text.plist.xml; path = Info.plist; sourceTree = "<group>"; };
		146050EA07E6BC1EA961231D /* Pods-Binary Calculator.release.xcconfig */ = {isa = PBXFileReference; includeInIndex = 1; lastKnownFileType = text.xcconfig; name = "Pods-Binary Calculator.release.xcconfig"; path = "Pods/Target Support Files/Pods-Binary Calculator/Pods-Binary Calculator.release.xcconfig"; sourceTree = "<group>"; };
		33DAF9EBA35FC7052540FFBE /* libPods-Binary Calculator.a */ = {isa = PBXFileReference; explicitFileType = archive.ar; includeInIndex = 0; path = "libPods-Binary Calculator.a"; sourceTree = BUILT_PRODUCTS_DIR; };
		524D4ECEEA8CB3905FE858FC /* Pods-Binary CalculatorTests.release.xcconfig */ = {isa = PBXFileReference; includeInIndex = 1; lastKnownFileType = text.xcconfig; name = "Pods-Binary CalculatorTests.release.xcconfig"; path = "Pods/Target Support Files/Pods-Binary CalculatorTests/Pods-Binary CalculatorTests.release.xcconfig"; sourceTree = "<group>"; };
		8D6F32E1AEA9A7E3D53FAD68 /* Pods-Binary CalculatorUITests.release.xcconfig */ = {isa = PBXFileReference; includeInIndex = 1; lastKnownFileType = text.xcconfig; name = "Pods-Binary CalculatorUITests.release.xcconfig"; path = "Pods/Target Support Files/Pods-Binary CalculatorUITests/Pods-Binary CalculatorUITests.release.xcconfig"; sourceTree = "<group>"; };
		9DD0C085CC6929E90B46040C /* libPods-Binary CalculatorTests.a */ = {isa = PBXFileReference; explicitFileType = archive.ar; includeInIndex = 0; path = "libPods-Binary CalculatorTests.a"; sourceTree = BUILT_PRODUCTS_DIR; };
		B40586946E031A4FAE610722 /* Pods-Binary CalculatorUITests.debug.xcconfig */ = {isa = PBXFileReference; includeInIndex = 1; lastKnownFileType = text.xcconfig; name = "Pods-Binary CalculatorUITests.debug.xcconfig"; path = "Pods/Target Support Files/Pods-Binary CalculatorUITests/Pods-Binary CalculatorUITests.debug.xcconfig"; sourceTree = "<group>"; };
		F9EE7824652A8C88BAC55E77 /* Pods-Binary CalculatorTests.debug.xcconfig */ = {isa = PBXFileReference; includeInIndex = 1; lastKnownFileType = text.xcconfig; name = "Pods-Binary CalculatorTests.debug.xcconfig"; path = "Pods/Target Support Files/Pods-Binary CalculatorTests/Pods-Binary CalculatorTests.debug.xcconfig"; sourceTree = "<group>"; };
/* End PBXFileReference section */

/* Begin PBXFrameworksBuildPhase section */
		0CFE132E1C77836A0005549D /* Frameworks */ = {
			isa = PBXFrameworksBuildPhase;
			buildActionMask = 2147483647;
			files = (
				C328F32BE883B0A41520449F /* libPods-Binary Calculator.a in Frameworks */,
			);
			runOnlyForDeploymentPostprocessing = 0;
		};
		0CFE13471C77836B0005549D /* Frameworks */ = {
			isa = PBXFrameworksBuildPhase;
			buildActionMask = 2147483647;
			files = (
				63B4F810DD5165938D1F5E02 /* libPods-Binary CalculatorTests.a in Frameworks */,
			);
			runOnlyForDeploymentPostprocessing = 0;
		};
		0CFE13521C77836B0005549D /* Frameworks */ = {
			isa = PBXFrameworksBuildPhase;
			buildActionMask = 2147483647;
			files = (
				E25176825B6AE54E66D59508 /* libPods-Binary CalculatorUITests.a in Frameworks */,
			);
			runOnlyForDeploymentPostprocessing = 0;
		};
/* End PBXFrameworksBuildPhase section */

/* Begin PBXGroup section */
		0CFE13281C77836A0005549D = {
			isa = PBXGroup;
			children = (
				0CFE13331C77836A0005549D /* Binary Calculator */,
				0CFE134D1C77836B0005549D /* Binary CalculatorTests */,
				0CFE13581C77836B0005549D /* Binary CalculatorUITests */,
				0CFE13321C77836A0005549D /* Products */,
				9150D46CE1A9D03A3C243290 /* Pods */,
				190A91D1167FD368C9AF8875 /* Frameworks */,
			);
			sourceTree = "<group>";
		};
		0CFE13321C77836A0005549D /* Products */ = {
			isa = PBXGroup;
			children = (
				0CFE13311C77836A0005549D /* Mathematica.app */,
				0CFE134A1C77836B0005549D /* MathematicaTests.xctest */,
				0CFE13551C77836B0005549D /* MathematicaUITests.xctest */,
			);
			name = Products;
			sourceTree = "<group>";
		};
		0CFE13331C77836A0005549D /* Binary Calculator */ = {
			isa = PBXGroup;
			children = (
				0CFE13341C77836A0005549D /* AppDelegate.h */,
				0C70D0371D86F76200428635 /* TextFieldCell.h */,
				0C70D0381D86F76200428635 /* TextFieldCell.m */,
				0C2928D21D67B68900663BD5 /* ParserFrontend.h */,
				0C2928D31D67B68900663BD5 /* ParserFrontend.m */,
				0CEE79AB1D932F260068AD17 /* HistoryMaker.h */,
				0CEE79AC1D932F260068AD17 /* HistoryMaker.m */,
				0C257A931D86A98500792C06 /* CalculatorViewController+TextViewDelegate.h */,
				0CEE79AE1D9409190068AD17 /* CalculatorViewController+WindowUtils.h */,
				0CEE79AF1D9409190068AD17 /* CalculatorViewController+WindowUtils.m */,
				0C257A941D86A98500792C06 /* CalculatorViewController+TextViewDelegate.m */,
				0C103FF21D6C8C270095302A /* OutputFormatter.h */,
				0C103FF31D6C8C270095302A /* OutputFormatter.m */,
				0C07B8671D684013002433F3 /* InputFormatter.h */,
				0C07B8681D684013002433F3 /* InputFormatter.m */,
				0CFE13351C77836A0005549D /* AppDelegate.m */,
				0CFE133A1C77836A0005549D /* CalculatorViewController.h */,
				0CFE133B1C77836A0005549D /* CalculatorViewController.m */,
				0C1F43271D86F2E600A0B824 /* PlainPasteTextView.h */,
				0C1F43281D86F2E600A0B824 /* PlainPasteTextView.m */,
				0CA8E7531D5E459000AD29A9 /* WindowController.h */,
				0CA8E7541D5E459000AD29A9 /* WindowController.m */,
				0CFE13401C77836A0005549D /* Assets.xcassets */,
				0CFE13421C77836A0005549D /* Main.storyboard */,
				0CFE13451C77836B0005549D /* Info.plist */,
				0CFE133D1C77836A0005549D /* Binary_Calculator.xcdatamodeld */,
				0CFE13371C77836A0005549D /* Supporting Files */,
			);
			path = "Binary Calculator";
			sourceTree = "<group>";
		};
		0CFE13371C77836A0005549D /* Supporting Files */ = {
			isa = PBXGroup;
			children = (
				0CFE13381C77836A0005549D /* main.m */,
			);
			name = "Supporting Files";
			sourceTree = "<group>";
		};
		0CFE134D1C77836B0005549D /* Binary CalculatorTests */ = {
			isa = PBXGroup;
			children = (
				0CFE134E1C77836B0005549D /* Binary_CalculatorTests.m */,
				0CFE13501C77836B0005549D /* Info.plist */,
			);
			path = "Binary CalculatorTests";
			sourceTree = "<group>";
		};
		0CFE13581C77836B0005549D /* Binary CalculatorUITests */ = {
			isa = PBXGroup;
			children = (
				0CFE13591C77836B0005549D /* Binary_CalculatorUITests.m */,
				0CFE135B1C77836B0005549D /* Info.plist */,
			);
			path = "Binary CalculatorUITests";
			sourceTree = "<group>";
		};
		190A91D1167FD368C9AF8875 /* Frameworks */ = {
			isa = PBXGroup;
			children = (
				33DAF9EBA35FC7052540FFBE /* libPods-Binary Calculator.a */,
				9DD0C085CC6929E90B46040C /* libPods-Binary CalculatorTests.a */,
				075A1AF63BDF1E0BCCC1CE60 /* libPods-Binary CalculatorUITests.a */,
			);
			name = Frameworks;
			sourceTree = "<group>";
		};
		9150D46CE1A9D03A3C243290 /* Pods */ = {
			isa = PBXGroup;
			children = (
				0B5763B56599E86EE18F7F12 /* Pods-Binary Calculator.debug.xcconfig */,
				146050EA07E6BC1EA961231D /* Pods-Binary Calculator.release.xcconfig */,
				F9EE7824652A8C88BAC55E77 /* Pods-Binary CalculatorTests.debug.xcconfig */,
				524D4ECEEA8CB3905FE858FC /* Pods-Binary CalculatorTests.release.xcconfig */,
				B40586946E031A4FAE610722 /* Pods-Binary CalculatorUITests.debug.xcconfig */,
				8D6F32E1AEA9A7E3D53FAD68 /* Pods-Binary CalculatorUITests.release.xcconfig */,
			);
			name = Pods;
			sourceTree = "<group>";
		};
/* End PBXGroup section */

/* Begin PBXNativeTarget section */
		0CFE13301C77836A0005549D /* Mathematica */ = {
			isa = PBXNativeTarget;
			buildConfigurationList = 0CFE135E1C77836B0005549D /* Build configuration list for PBXNativeTarget "Mathematica" */;
			buildPhases = (
				44CEA26D92C5126C7BAE7932 /* [CP] Check Pods Manifest.lock */,
				0CFE132D1C77836A0005549D /* Sources */,
				0CFE132E1C77836A0005549D /* Frameworks */,
				0CFE132F1C77836A0005549D /* Resources */,
				B5B9779E55B7A66F791B3B3C /* [CP] Embed Pods Frameworks */,
				772CEE6308EE1EE06D60A45F /* [CP] Copy Pods Resources */,
			);
			buildRules = (
			);
			dependencies = (
			);
			name = Mathematica;
			productName = "Binary Calculator";
			productReference = 0CFE13311C77836A0005549D /* Mathematica.app */;
			productType = "com.apple.product-type.application";
		};
		0CFE13491C77836B0005549D /* MathematicaTests */ = {
			isa = PBXNativeTarget;
			buildConfigurationList = 0CFE13611C77836B0005549D /* Build configuration list for PBXNativeTarget "MathematicaTests" */;
			buildPhases = (
				8836E0B6CF2FB897F395E9B5 /* [CP] Check Pods Manifest.lock */,
				0CFE13461C77836B0005549D /* Sources */,
				0CFE13471C77836B0005549D /* Frameworks */,
				0CFE13481C77836B0005549D /* Resources */,
				15066C1A0AD59F13F7D58DFF /* [CP] Embed Pods Frameworks */,
				58F7C3466279DE4A50481943 /* [CP] Copy Pods Resources */,
			);
			buildRules = (
			);
			dependencies = (
				0CFE134C1C77836B0005549D /* PBXTargetDependency */,
			);
			name = MathematicaTests;
			productName = "Binary CalculatorTests";
			productReference = 0CFE134A1C77836B0005549D /* MathematicaTests.xctest */;
			productType = "com.apple.product-type.bundle.unit-test";
		};
		0CFE13541C77836B0005549D /* MathematicaUITests */ = {
			isa = PBXNativeTarget;
			buildConfigurationList = 0CFE13641C77836B0005549D /* Build configuration list for PBXNativeTarget "MathematicaUITests" */;
			buildPhases = (
				991589A84B855AC0BA6829F5 /* [CP] Check Pods Manifest.lock */,
				0CFE13511C77836B0005549D /* Sources */,
				0CFE13521C77836B0005549D /* Frameworks */,
				0CFE13531C77836B0005549D /* Resources */,
				064D92B2D166F20501F087E3 /* [CP] Copy Pods Resources */,
			);
			buildRules = (
			);
			dependencies = (
				0CFE13571C77836B0005549D /* PBXTargetDependency */,
			);
			name = MathematicaUITests;
			productName = "Binary CalculatorUITests";
			productReference = 0CFE13551C77836B0005549D /* MathematicaUITests.xctest */;
			productType = "com.apple.product-type.bundle.ui-testing";
		};
/* End PBXNativeTarget section */

/* Begin PBXProject section */
		0CFE13291C77836A0005549D /* Project object */ = {
			isa = PBXProject;
			attributes = {
				LastUpgradeCheck = 0800;
				ORGANIZATIONNAME = "Edge Apps";
				TargetAttributes = {
					0CFE13301C77836A0005549D = {
						CreatedOnToolsVersion = 7.1.1;
					};
					0CFE13491C77836B0005549D = {
						CreatedOnToolsVersion = 7.1.1;
						TestTargetID = 0CFE13301C77836A0005549D;
					};
					0CFE13541C77836B0005549D = {
						CreatedOnToolsVersion = 7.1.1;
						TestTargetID = 0CFE13301C77836A0005549D;
					};
				};
			};
			buildConfigurationList = 0CFE132C1C77836A0005549D /* Build configuration list for PBXProject "Mathematica" */;
			compatibilityVersion = "Xcode 3.2";
			developmentRegion = English;
			hasScannedForEncodings = 0;
			knownRegions = (
				en,
				Base,
			);
			mainGroup = 0CFE13281C77836A0005549D;
			productRefGroup = 0CFE13321C77836A0005549D /* Products */;
			projectDirPath = "";
			projectRoot = "";
			targets = (
				0CFE13301C77836A0005549D /* Mathematica */,
				0CFE13491C77836B0005549D /* MathematicaTests */,
				0CFE13541C77836B0005549D /* MathematicaUITests */,
			);
		};
/* End PBXProject section */

/* Begin PBXResourcesBuildPhase section */
		0CFE132F1C77836A0005549D /* Resources */ = {
			isa = PBXResourcesBuildPhase;
			buildActionMask = 2147483647;
			files = (
				0CFE13411C77836A0005549D /* Assets.xcassets in Resources */,
				0CFE13441C77836A0005549D /* Main.storyboard in Resources */,
			);
			runOnlyForDeploymentPostprocessing = 0;
		};
		0CFE13481C77836B0005549D /* Resources */ = {
			isa = PBXResourcesBuildPhase;
			buildActionMask = 2147483647;
			files = (
			);
			runOnlyForDeploymentPostprocessing = 0;
		};
		0CFE13531C77836B0005549D /* Resources */ = {
			isa = PBXResourcesBuildPhase;
			buildActionMask = 2147483647;
			files = (
			);
			runOnlyForDeploymentPostprocessing = 0;
		};
/* End PBXResourcesBuildPhase section */

/* Begin PBXShellScriptBuildPhase section */
		064D92B2D166F20501F087E3 /* [CP] Copy Pods Resources */ = {
			isa = PBXShellScriptBuildPhase;
			buildActionMask = 2147483647;
			files = (
			);
			inputPaths = (
			);
			name = "[CP] Copy Pods Resources";
			outputPaths = (
			);
			runOnlyForDeploymentPostprocessing = 0;
			shellPath = /bin/sh;
			shellScript = "\"${SRCROOT}/Pods/Target Support Files/Pods-Binary CalculatorUITests/Pods-Binary CalculatorUITests-resources.sh\"\n";
			showEnvVarsInLog = 0;
		};
		15066C1A0AD59F13F7D58DFF /* [CP] Embed Pods Frameworks */ = {
			isa = PBXShellScriptBuildPhase;
			buildActionMask = 2147483647;
			files = (
			);
			inputPaths = (
			);
			name = "[CP] Embed Pods Frameworks";
			outputPaths = (
			);
			runOnlyForDeploymentPostprocessing = 0;
			shellPath = /bin/sh;
			shellScript = "\"${SRCROOT}/Pods/Target Support Files/Pods-Binary CalculatorTests/Pods-Binary CalculatorTests-frameworks.sh\"\n";
			showEnvVarsInLog = 0;
		};
		44CEA26D92C5126C7BAE7932 /* [CP] Check Pods Manifest.lock */ = {
			isa = PBXShellScriptBuildPhase;
			buildActionMask = 2147483647;
			files = (
			);
			inputPaths = (
			);
			name = "[CP] Check Pods Manifest.lock";
			outputPaths = (
			);
			runOnlyForDeploymentPostprocessing = 0;
			shellPath = /bin/sh;
			shellScript = "diff \"${PODS_ROOT}/../Podfile.lock\" \"${PODS_ROOT}/Manifest.lock\" > /dev/null\nif [[ $? != 0 ]] ; then\n    cat << EOM\nerror: The sandbox is not in sync with the Podfile.lock. Run 'pod install' or update your CocoaPods installation.\nEOM\n    exit 1\nfi\n";
			showEnvVarsInLog = 0;
		};
		58F7C3466279DE4A50481943 /* [CP] Copy Pods Resources */ = {
			isa = PBXShellScriptBuildPhase;
			buildActionMask = 2147483647;
			files = (
			);
			inputPaths = (
			);
			name = "[CP] Copy Pods Resources";
			outputPaths = (
			);
			runOnlyForDeploymentPostprocessing = 0;
			shellPath = /bin/sh;
			shellScript = "\"${SRCROOT}/Pods/Target Support Files/Pods-Binary CalculatorTests/Pods-Binary CalculatorTests-resources.sh\"\n";
			showEnvVarsInLog = 0;
		};
		772CEE6308EE1EE06D60A45F /* [CP] Copy Pods Resources */ = {
			isa = PBXShellScriptBuildPhase;
			buildActionMask = 2147483647;
			files = (
			);
			inputPaths = (
			);
			name = "[CP] Copy Pods Resources";
			outputPaths = (
			);
			runOnlyForDeploymentPostprocessing = 0;
			shellPath = /bin/sh;
			shellScript = "\"${SRCROOT}/Pods/Target Support Files/Pods-Binary Calculator/Pods-Binary Calculator-resources.sh\"\n";
			showEnvVarsInLog = 0;
		};
		8836E0B6CF2FB897F395E9B5 /* [CP] Check Pods Manifest.lock */ = {
			isa = PBXShellScriptBuildPhase;
			buildActionMask = 2147483647;
			files = (
			);
			inputPaths = (
			);
			name = "[CP] Check Pods Manifest.lock";
			outputPaths = (
			);
			runOnlyForDeploymentPostprocessing = 0;
			shellPath = /bin/sh;
			shellScript = "diff \"${PODS_ROOT}/../Podfile.lock\" \"${PODS_ROOT}/Manifest.lock\" > /dev/null\nif [[ $? != 0 ]] ; then\n    cat << EOM\nerror: The sandbox is not in sync with the Podfile.lock. Run 'pod install' or update your CocoaPods installation.\nEOM\n    exit 1\nfi\n";
			showEnvVarsInLog = 0;
		};
		991589A84B855AC0BA6829F5 /* [CP] Check Pods Manifest.lock */ = {
			isa = PBXShellScriptBuildPhase;
			buildActionMask = 2147483647;
			files = (
			);
			inputPaths = (
			);
			name = "[CP] Check Pods Manifest.lock";
			outputPaths = (
			);
			runOnlyForDeploymentPostprocessing = 0;
			shellPath = /bin/sh;
			shellScript = "diff \"${PODS_ROOT}/../Podfile.lock\" \"${PODS_ROOT}/Manifest.lock\" > /dev/null\nif [[ $? != 0 ]] ; then\n    cat << EOM\nerror: The sandbox is not in sync with the Podfile.lock. Run 'pod install' or update your CocoaPods installation.\nEOM\n    exit 1\nfi\n";
			showEnvVarsInLog = 0;
		};
		B5B9779E55B7A66F791B3B3C /* [CP] Embed Pods Frameworks */ = {
			isa = PBXShellScriptBuildPhase;
			buildActionMask = 2147483647;
			files = (
			);
			inputPaths = (
			);
			name = "[CP] Embed Pods Frameworks";
			outputPaths = (
			);
			runOnlyForDeploymentPostprocessing = 0;
			shellPath = /bin/sh;
			shellScript = "\"${SRCROOT}/Pods/Target Support Files/Pods-Binary Calculator/Pods-Binary Calculator-frameworks.sh\"\n";
			showEnvVarsInLog = 0;
		};
/* End PBXShellScriptBuildPhase section */

/* Begin PBXSourcesBuildPhase section */
		0CFE132D1C77836A0005549D /* Sources */ = {
			isa = PBXSourcesBuildPhase;
			buildActionMask = 2147483647;
			files = (
				0C2928D41D67B68900663BD5 /* ParserFrontend.m in Sources */,
				0C103FF41D6C8C270095302A /* OutputFormatter.m in Sources */,
				0CA8E7551D5E459000AD29A9 /* WindowController.m in Sources */,
				0CFE133F1C77836A0005549D /* Binary_Calculator.xcdatamodeld in Sources */,
				0C1F43291D86F2E600A0B824 /* PlainPasteTextView.m in Sources */,
				0C70D0391D86F76200428635 /* TextFieldCell.m in Sources */,
				0CFE133C1C77836A0005549D /* CalculatorViewController.m in Sources */,
				0CFE13391C77836A0005549D /* main.m in Sources */,
				0CFE13361C77836A0005549D /* AppDelegate.m in Sources */,
				0C257A951D86A98500792C06 /* CalculatorViewController+TextViewDelegate.m in Sources */,
				0C07B8691D684013002433F3 /* InputFormatter.m in Sources */,
				0CEE79B01D9409190068AD17 /* CalculatorViewController+WindowUtils.m in Sources */,
				0CEE79AD1D932F260068AD17 /* HistoryMaker.m in Sources */,
			);
			runOnlyForDeploymentPostprocessing = 0;
		};
		0CFE13461C77836B0005549D /* Sources */ = {
			isa = PBXSourcesBuildPhase;
			buildActionMask = 2147483647;
			files = (
				0CFE134F1C77836B0005549D /* Binary_CalculatorTests.m in Sources */,
			);
			runOnlyForDeploymentPostprocessing = 0;
		};
		0CFE13511C77836B0005549D /* Sources */ = {
			isa = PBXSourcesBuildPhase;
			buildActionMask = 2147483647;
			files = (
				0CFE135A1C77836B0005549D /* Binary_CalculatorUITests.m in Sources */,
			);
			runOnlyForDeploymentPostprocessing = 0;
		};
/* End PBXSourcesBuildPhase section */

/* Begin PBXTargetDependency section */
		0CFE134C1C77836B0005549D /* PBXTargetDependency */ = {
			isa = PBXTargetDependency;
			target = 0CFE13301C77836A0005549D /* Mathematica */;
			targetProxy = 0CFE134B1C77836B0005549D /* PBXContainerItemProxy */;
		};
		0CFE13571C77836B0005549D /* PBXTargetDependency */ = {
			isa = PBXTargetDependency;
			target = 0CFE13301C77836A0005549D /* Mathematica */;
			targetProxy = 0CFE13561C77836B0005549D /* PBXContainerItemProxy */;
		};
/* End PBXTargetDependency section */

/* Begin PBXVariantGroup section */
		0CFE13421C77836A0005549D /* Main.storyboard */ = {
			isa = PBXVariantGroup;
			children = (
				0CFE13431C77836A0005549D /* Base */,
			);
			name = Main.storyboard;
			sourceTree = "<group>";
		};
/* End PBXVariantGroup section */

/* Begin XCBuildConfiguration section */
		0CFE135C1C77836B0005549D /* Debug */ = {
			isa = XCBuildConfiguration;
			buildSettings = {
				ALWAYS_SEARCH_USER_PATHS = NO;
				CLANG_CXX_LANGUAGE_STANDARD = "gnu++0x";
				CLANG_CXX_LIBRARY = "libc++";
				CLANG_ENABLE_MODULES = YES;
				CLANG_ENABLE_OBJC_ARC = YES;
				CLANG_WARN_BOOL_CONVERSION = YES;
				CLANG_WARN_CONSTANT_CONVERSION = YES;
				CLANG_WARN_DIRECT_OBJC_ISA_USAGE = YES_ERROR;
				CLANG_WARN_EMPTY_BODY = YES;
				CLANG_WARN_ENUM_CONVERSION = YES;
				CLANG_WARN_INFINITE_RECURSION = YES;
				CLANG_WARN_INT_CONVERSION = YES;
				CLANG_WARN_OBJC_ROOT_CLASS = YES_ERROR;
				CLANG_WARN_SUSPICIOUS_MOVE = YES;
				CLANG_WARN_UNREACHABLE_CODE = YES;
				CLANG_WARN__DUPLICATE_METHOD_MATCH = YES;
				CODE_SIGN_IDENTITY = "-";
				COPY_PHASE_STRIP = NO;
				DEBUG_INFORMATION_FORMAT = dwarf;
				ENABLE_STRICT_OBJC_MSGSEND = YES;
				ENABLE_TESTABILITY = YES;
				GCC_C_LANGUAGE_STANDARD = gnu99;
				GCC_DYNAMIC_NO_PIC = NO;
				GCC_NO_COMMON_BLOCKS = YES;
				GCC_OPTIMIZATION_LEVEL = 0;
				GCC_PREPROCESSOR_DEFINITIONS = (
					"DEBUG=1",
					"$(inherited)",
				);
				GCC_WARN_64_TO_32_BIT_CONVERSION = YES;
				GCC_WARN_ABOUT_RETURN_TYPE = YES_ERROR;
				GCC_WARN_UNDECLARED_SELECTOR = YES;
				GCC_WARN_UNINITIALIZED_AUTOS = YES_AGGRESSIVE;
				GCC_WARN_UNUSED_FUNCTION = YES;
				GCC_WARN_UNUSED_VARIABLE = YES;
				MACOSX_DEPLOYMENT_TARGET = 10.11;
				MTL_ENABLE_DEBUG_INFO = YES;
				ONLY_ACTIVE_ARCH = YES;
				SDKROOT = macosx;
			};
			name = Debug;
		};
		0CFE135D1C77836B0005549D /* Release */ = {
			isa = XCBuildConfiguration;
			buildSettings = {
				ALWAYS_SEARCH_USER_PATHS = NO;
				CLANG_CXX_LANGUAGE_STANDARD = "gnu++0x";
				CLANG_CXX_LIBRARY = "libc++";
				CLANG_ENABLE_MODULES = YES;
				CLANG_ENABLE_OBJC_ARC = YES;
				CLANG_WARN_BOOL_CONVERSION = YES;
				CLANG_WARN_CONSTANT_CONVERSION = YES;
				CLANG_WARN_DIRECT_OBJC_ISA_USAGE = YES_ERROR;
				CLANG_WARN_EMPTY_BODY = YES;
				CLANG_WARN_ENUM_CONVERSION = YES;
				CLANG_WARN_INFINITE_RECURSION = YES;
				CLANG_WARN_INT_CONVERSION = YES;
				CLANG_WARN_OBJC_ROOT_CLASS = YES_ERROR;
				CLANG_WARN_SUSPICIOUS_MOVE = YES;
				CLANG_WARN_UNREACHABLE_CODE = YES;
				CLANG_WARN__DUPLICATE_METHOD_MATCH = YES;
				CODE_SIGN_IDENTITY = "-";
				COPY_PHASE_STRIP = NO;
				DEBUG_INFORMATION_FORMAT = "dwarf-with-dsym";
				ENABLE_NS_ASSERTIONS = NO;
				ENABLE_STRICT_OBJC_MSGSEND = YES;
				GCC_C_LANGUAGE_STANDARD = gnu99;
				GCC_NO_COMMON_BLOCKS = YES;
				GCC_WARN_64_TO_32_BIT_CONVERSION = YES;
				GCC_WARN_ABOUT_RETURN_TYPE = YES_ERROR;
				GCC_WARN_UNDECLARED_SELECTOR = YES;
				GCC_WARN_UNINITIALIZED_AUTOS = YES_AGGRESSIVE;
				GCC_WARN_UNUSED_FUNCTION = YES;
				GCC_WARN_UNUSED_VARIABLE = YES;
				MACOSX_DEPLOYMENT_TARGET = 10.11;
				MTL_ENABLE_DEBUG_INFO = NO;
				SDKROOT = macosx;
			};
			name = Release;
		};
		0CFE135F1C77836B0005549D /* Debug */ = {
			isa = XCBuildConfiguration;
			baseConfigurationReference = 0B5763B56599E86EE18F7F12 /* Pods-Binary Calculator.debug.xcconfig */;
			buildSettings = {
				ASSETCATALOG_COMPILER_APPICON_NAME = AppIcon;
				COMBINE_HIDPI_IMAGES = YES;
				INFOPLIST_FILE = "Binary Calculator/Info.plist";
				LD_RUNPATH_SEARCH_PATHS = "$(inherited) @executable_path/../Frameworks";
				PRODUCT_BUNDLE_IDENTIFIER = com.edge.calculator;
				PRODUCT_NAME = "$(TARGET_NAME)";
			};
			name = Debug;
		};
		0CFE13601C77836B0005549D /* Release */ = {
			isa = XCBuildConfiguration;
			baseConfigurationReference = 146050EA07E6BC1EA961231D /* Pods-Binary Calculator.release.xcconfig */;
			buildSettings = {
				ASSETCATALOG_COMPILER_APPICON_NAME = AppIcon;
				COMBINE_HIDPI_IMAGES = YES;
				INFOPLIST_FILE = "Binary Calculator/Info.plist";
				LD_RUNPATH_SEARCH_PATHS = "$(inherited) @executable_path/../Frameworks";
				PRODUCT_BUNDLE_IDENTIFIER = com.edge.calculator;
				PRODUCT_NAME = "$(TARGET_NAME)";
			};
			name = Release;
		};
		0CFE13621C77836B0005549D /* Debug */ = {
			isa = XCBuildConfiguration;
			baseConfigurationReference = F9EE7824652A8C88BAC55E77 /* Pods-Binary CalculatorTests.debug.xcconfig */;
			buildSettings = {
				BUNDLE_LOADER = "$(TEST_HOST)";
				COMBINE_HIDPI_IMAGES = YES;
				INFOPLIST_FILE = "Binary CalculatorTests/Info.plist";
				LD_RUNPATH_SEARCH_PATHS = "$(inherited) @executable_path/../Frameworks @loader_path/../Frameworks";
				PRODUCT_BUNDLE_IDENTIFIER = "com.edge.Binary-CalculatorTests";
				PRODUCT_NAME = "$(TARGET_NAME)";
				TEST_HOST = "$(BUILT_PRODUCTS_DIR)/Mathematica.app/Contents/MacOS/Mathematica";
			};
			name = Debug;
		};
		0CFE13631C77836B0005549D /* Release */ = {
			isa = XCBuildConfiguration;
			baseConfigurationReference = 524D4ECEEA8CB3905FE858FC /* Pods-Binary CalculatorTests.release.xcconfig */;
			buildSettings = {
				BUNDLE_LOADER = "$(TEST_HOST)";
				COMBINE_HIDPI_IMAGES = YES;
				INFOPLIST_FILE = "Binary CalculatorTests/Info.plist";
				LD_RUNPATH_SEARCH_PATHS = "$(inherited) @executable_path/../Frameworks @loader_path/../Frameworks";
				PRODUCT_BUNDLE_IDENTIFIER = "com.edge.Binary-CalculatorTests";
				PRODUCT_NAME = "$(TARGET_NAME)";
				TEST_HOST = "$(BUILT_PRODUCTS_DIR)/Mathematica.app/Contents/MacOS/Mathematica";
			};
			name = Release;
		};
		0CFE13651C77836B0005549D /* Debug */ = {
			isa = XCBuildConfiguration;
			baseConfigurationReference = B40586946E031A4FAE610722 /* Pods-Binary CalculatorUITests.debug.xcconfig */;
			buildSettings = {
				COMBINE_HIDPI_IMAGES = YES;
				INFOPLIST_FILE = "Binary CalculatorUITests/Info.plist";
				LD_RUNPATH_SEARCH_PATHS = "$(inherited) @executable_path/../Frameworks @loader_path/../Frameworks";
				PRODUCT_BUNDLE_IDENTIFIER = "com.edge.Binary-CalculatorUITests";
				PRODUCT_NAME = "$(TARGET_NAME)";
				TEST_TARGET_NAME = "Binary Calculator";
				USES_XCTRUNNER = YES;
			};
			name = Debug;
		};
		0CFE13661C77836B0005549D /* Release */ = {
			isa = XCBuildConfiguration;
			baseConfigurationReference = 8D6F32E1AEA9A7E3D53FAD68 /* Pods-Binary CalculatorUITests.release.xcconfig */;
			buildSettings = {
				COMBINE_HIDPI_IMAGES = YES;
				INFOPLIST_FILE = "Binary CalculatorUITests/Info.plist";
				LD_RUNPATH_SEARCH_PATHS = "$(inherited) @executable_path/../Frameworks @loader_path/../Frameworks";
				PRODUCT_BUNDLE_IDENTIFIER = "com.edge.Binary-CalculatorUITests";
				PRODUCT_NAME = "$(TARGET_NAME)";
				TEST_TARGET_NAME = "Binary Calculator";
				USES_XCTRUNNER = YES;
			};
			name = Release;
		};
/* End XCBuildConfiguration section */

/* Begin XCConfigurationList section */
		0CFE132C1C77836A0005549D /* Build configuration list for PBXProject "Mathematica" */ = {
			isa = XCConfigurationList;
			buildConfigurations = (
				0CFE135C1C77836B0005549D /* Debug */,
				0CFE135D1C77836B0005549D /* Release */,
			);
			defaultConfigurationIsVisible = 0;
			defaultConfigurationName = Release;
		};
		0CFE135E1C77836B0005549D /* Build configuration list for PBXNativeTarget "Mathematica" */ = {
			isa = XCConfigurationList;
			buildConfigurations = (
				0CFE135F1C77836B0005549D /* Debug */,
				0CFE13601C77836B0005549D /* Release */,
			);
			defaultConfigurationIsVisible = 0;
			defaultConfigurationName = Release;
		};
		0CFE13611C77836B0005549D /* Build configuration list for PBXNativeTarget "MathematicaTests" */ = {
			isa = XCConfigurationList;
			buildConfigurations = (
				0CFE13621C77836B0005549D /* Debug */,
				0CFE13631C77836B0005549D /* Release */,
			);
			defaultConfigurationIsVisible = 0;
			defaultConfigurationName = Release;
		};
		0CFE13641C77836B0005549D /* Build configuration list for PBXNativeTarget "MathematicaUITests" */ = {
			isa = XCConfigurationList;
			buildConfigurations = (
				0CFE13651C77836B0005549D /* Debug */,
				0CFE13661C77836B0005549D /* Release */,
			);
			defaultConfigurationIsVisible = 0;
			defaultConfigurationName = Release;
		};
/* End XCConfigurationList section */

/* Begin XCVersionGroup section */
		0CFE133D1C77836A0005549D /* Binary_Calculator.xcdatamodeld */ = {
			isa = XCVersionGroup;
			children = (
				0CFE133E1C77836A0005549D /* Binary_Calculator.xcdatamodel */,
			);
			currentVersion = 0CFE133E1C77836A0005549D /* Binary_Calculator.xcdatamodel */;
			path = Binary_Calculator.xcdatamodeld;
			sourceTree = "<group>";
			versionGroupType = wrapper.xcdatamodel;
		};
/* End XCVersionGroup section */
	};
	rootObject = 0CFE13291C77836A0005549D /* Project object */;
}
